
Microsoft Visual Studio Solution File, Format Version 12.00
# Visual Studio Version 16
VisualStudioVersion = 16.0.33801.447
MinimumVisualStudioVersion = 10.0.40219.1
Project("{FAE04EC0-301F-11D3-BF4B-00C04F79EFBC}") = "BranchingApp", "BranchingApp\BranchingApp.csproj", "{65F88188-25A5-462E-B5B4-9C6C739DE234}"
EndProject
Global
	GlobalSection(SolutionConfigurationPlatforms) = preSolution
		Debug|Any CPU = Debug|Any CPU
		Release|Any CPU = Release|Any CPU
	EndGlobalSection
	GlobalSection(ProjectConfigurationPlatforms) = postSolution
		{65F88188-25A5-462E-B5B4-9C6C739DE234}.Debug|Any CPU.ActiveCfg = Debug|Any CPU
		{65F88188-25A5-462E-B5B4-9C6C739DE234}.Debug|Any CPU.Build.0 = Debug|Any CPU
		{65F88188-25A5-462E-B5B4-9C6C739DE234}.Release|Any CPU.ActiveCfg = Release|Any CPU
		{65F88188-25A5-462E-B5B4-9C6C739DE234}.Release|Any CPU.Build.0 = Release|Any CPU
	EndGlobalSection
	GlobalSection(SolutionProperties) = preSolution
		HideSolutionNode = FALSE
	EndGlobalSection
	GlobalSection(ExtensibilityGlobals) = postSolution
		SolutionGuid = {3C38E74D-5EE3-4ACB-8FDF-F909F454A978}
	EndGlobalSection
EndGlobal
